
Microsoft Visual Studio Solution File, Format Version 12.00
# Visual Studio Version 16
VisualStudioVersion = 16.0.30114.105
MinimumVisualStudioVersion = 10.0.40219.1
Project("{FAE04EC0-301F-11D3-BF4B-00C04F79EFBC}") = "GraphDZ3", "GraphDZ3.csproj", "{6097EA38-AD32-4472-9200-2DD428755065}"
EndProject
Global
	GlobalSection(SolutionConfigurationPlatforms) = preSolution
		Debug|Any CPU = Debug|Any CPU
		Release|Any CPU = Release|Any CPU
	EndGlobalSection
	GlobalSection(ProjectConfigurationPlatforms) = postSolution
		{6097EA38-AD32-4472-9200-2DD428755065}.Debug|Any CPU.ActiveCfg = Debug|Any CPU
		{6097EA38-AD32-4472-9200-2DD428755065}.Debug|Any CPU.Build.0 = Debug|Any CPU
		{6097EA38-AD32-4472-9200-2DD428755065}.Release|Any CPU.ActiveCfg = Release|Any CPU
		{6097EA38-AD32-4472-9200-2DD428755065}.Release|Any CPU.Build.0 = Release|Any CPU
	EndGlobalSection
	GlobalSection(SolutionProperties) = preSolution
		HideSolutionNode = FALSE
	EndGlobalSection
	GlobalSection(ExtensibilityGlobals) = postSolution
		SolutionGuid = {56E97C1E-1408-40F9-AEDA-18B944CD5551}
	EndGlobalSection
EndGlobal
